
Microsoft Visual Studio Solution File, Format Version 12.00
# Visual Studio Version 17
VisualStudioVersion = 17.10.34916.146
MinimumVisualStudioVersion = 10.0.40219.1
Project("{F184B08F-C81C-45F6-A57F-5ABD9991F28F}") = "Windows Repair", "Windows Repair\Windows Repair.vbproj", "{44663BA0-09A7-429C-A657-D31F609DC0F9}"
EndProject
Global
	GlobalSection(SolutionConfigurationPlatforms) = preSolution
		Debug|Any CPU = Debug|Any CPU
		Debug|ARM64 = Debug|ARM64
		Debug|x64 = Debug|x64
		Debug|x86 = Debug|x86
		Release|Any CPU = Release|Any CPU
		Release|ARM64 = Release|ARM64
		Release|x64 = Release|x64
		Release|x86 = Release|x86
	EndGlobalSection
	GlobalSection(ProjectConfigurationPlatforms) = postSolution
		{44663BA0-09A7-429C-A657-D31F609DC0F9}.Debug|Any CPU.ActiveCfg = Debug|Any CPU
		{44663BA0-09A7-429C-A657-D31F609DC0F9}.Debug|Any CPU.Build.0 = Debug|Any CPU
		{44663BA0-09A7-429C-A657-D31F609DC0F9}.Debug|ARM64.ActiveCfg = Debug|Any CPU
		{44663BA0-09A7-429C-A657-D31F609DC0F9}.Debug|ARM64.Build.0 = Debug|Any CPU
		{44663BA0-09A7-429C-A657-D31F609DC0F9}.Debug|x64.ActiveCfg = Debug|x64
		{44663BA0-09A7-429C-A657-D31F609DC0F9}.Debug|x64.Build.0 = Debug|x64
		{44663BA0-09A7-429C-A657-D31F609DC0F9}.Debug|x86.ActiveCfg = Debug|x86
		{44663BA0-09A7-429C-A657-D31F609DC0F9}.Debug|x86.Build.0 = Debug|x86
		{44663BA0-09A7-429C-A657-D31F609DC0F9}.Release|Any CPU.ActiveCfg = Release|Any CPU
		{44663BA0-09A7-429C-A657-D31F609DC0F9}.Release|Any CPU.Build.0 = Release|Any CPU
		{44663BA0-09A7-429C-A657-D31F609DC0F9}.Release|ARM64.ActiveCfg = Release|ARM64
		{44663BA0-09A7-429C-A657-D31F609DC0F9}.Release|ARM64.Build.0 = Release|ARM64
		{44663BA0-09A7-429C-A657-D31F609DC0F9}.Release|x64.ActiveCfg = Release|x64
		{44663BA0-09A7-429C-A657-D31F609DC0F9}.Release|x64.Build.0 = Release|x64
		{44663BA0-09A7-429C-A657-D31F609DC0F9}.Release|x86.ActiveCfg = Release|x86
		{44663BA0-09A7-429C-A657-D31F609DC0F9}.Release|x86.Build.0 = Release|x86
	EndGlobalSection
	GlobalSection(SolutionProperties) = preSolution
		HideSolutionNode = FALSE
	EndGlobalSection
	GlobalSection(ExtensibilityGlobals) = postSolution
		SolutionGuid = {26D3AE6F-CCF5-4B1A-8919-667421110D37}
	EndGlobalSection
EndGlobal
